
Microsoft Visual Studio Solution File, Format Version 12.00
# Visual Studio Version 16
VisualStudioVersion = 16.0.30804.86
MinimumVisualStudioVersion = 10.0.40219.1
Project("{FAE04EC0-301F-11D3-BF4B-00C04F79EFBC}") = "OOP January Exam", "OOP January Exam\OOP January Exam.csproj", "{FA27F42D-E253-4AE6-82EB-78C100E90DAB}"
EndProject
Global
	GlobalSection(SolutionConfigurationPlatforms) = preSolution
		Debug|Any CPU = Debug|Any CPU
		Release|Any CPU = Release|Any CPU
	EndGlobalSection
	GlobalSection(ProjectConfigurationPlatforms) = postSolution
		{FA27F42D-E253-4AE6-82EB-78C100E90DAB}.Debug|Any CPU.ActiveCfg = Debug|Any CPU
		{FA27F42D-E253-4AE6-82EB-78C100E90DAB}.Debug|Any CPU.Build.0 = Debug|Any CPU
		{FA27F42D-E253-4AE6-82EB-78C100E90DAB}.Release|Any CPU.ActiveCfg = Release|Any CPU
		{FA27F42D-E253-4AE6-82EB-78C100E90DAB}.Release|Any CPU.Build.0 = Release|Any CPU
	EndGlobalSection
	GlobalSection(SolutionProperties) = preSolution
		HideSolutionNode = FALSE
	EndGlobalSection
	GlobalSection(ExtensibilityGlobals) = postSolution
		SolutionGuid = {65A69070-99D5-4C4C-8502-224E1186D3CC}
	EndGlobalSection
EndGlobal
